
Microsoft Visual Studio Solution File, Format Version 12.00
# Visual Studio Version 17
VisualStudioVersion = 17.13.35825.156
MinimumVisualStudioVersion = 10.0.40219.1
Project("{2150E333-8FDC-42A3-9474-1A3956D46DE8}") = "Solution Items", "Solution Items", "{8EC462FD-D22E-90A8-E5CE-7E832BA40C5D}"
	ProjectSection(SolutionItems) = preProject
		Directory.Packages.props = Directory.Packages.props
	EndProjectSection
EndProject
Project("{2150E333-8FDC-42A3-9474-1A3956D46DE8}") = "Presentation", "Presentation", "{02EA681E-C7D8-13C7-8484-4AC65E1B71E8}"
EndProject
Project("{FAE04EC0-301F-11D3-BF4B-00C04F79EFBC}") = "BloodDonation.Api", "BloodDonation.Api\BloodDonation.Api.csproj", "{852AB3A7-34B1-423A-A5EF-5013A09BF46A}"
EndProject
Project("{2150E333-8FDC-42A3-9474-1A3956D46DE8}") = "Core", "Core", "{455B8AAD-94A9-4B4B-9474-4CA884ED6E76}"
EndProject
Project("{2150E333-8FDC-42A3-9474-1A3956D46DE8}") = "Application", "Application", "{43F3AC0C-BABE-42C9-B3E5-88B722E09B78}"
EndProject
Project("{2150E333-8FDC-42A3-9474-1A3956D46DE8}") = "Infrastructure", "Infrastructure", "{84E55E8F-66BF-4D75-87DA-3A932D0CCC9E}"
EndProject
Project("{FAE04EC0-301F-11D3-BF4B-00C04F79EFBC}") = "BloodDonation.Domain", "BloodDonation.Domain\BloodDonation.Domain.csproj", "{75F71B61-84EF-456E-9D1B-EF930FAB9F81}"
EndProject
Project("{FAE04EC0-301F-11D3-BF4B-00C04F79EFBC}") = "BloodDonation.Infrastructure", "BloodDonation.Infrastructure\BloodDonation.Infrastructure.csproj", "{D77220B4-91DA-4933-9C9F-E0CF092F4FDE}"
EndProject
Project("{FAE04EC0-301F-11D3-BF4B-00C04F79EFBC}") = "BloodDonation.Application", "BloodDonation.Application\BloodDonation.Application.csproj", "{4BDD7232-E646-4EB3-9460-F7A9821FD666}"
EndProject
Global
	GlobalSection(SolutionConfigurationPlatforms) = preSolution
		Debug|Any CPU = Debug|Any CPU
		Release|Any CPU = Release|Any CPU
	EndGlobalSection
	GlobalSection(ProjectConfigurationPlatforms) = postSolution
		{852AB3A7-34B1-423A-A5EF-5013A09BF46A}.Debug|Any CPU.ActiveCfg = Debug|Any CPU
		{852AB3A7-34B1-423A-A5EF-5013A09BF46A}.Debug|Any CPU.Build.0 = Debug|Any CPU
		{852AB3A7-34B1-423A-A5EF-5013A09BF46A}.Release|Any CPU.ActiveCfg = Release|Any CPU
		{852AB3A7-34B1-423A-A5EF-5013A09BF46A}.Release|Any CPU.Build.0 = Release|Any CPU
		{75F71B61-84EF-456E-9D1B-EF930FAB9F81}.Debug|Any CPU.ActiveCfg = Debug|Any CPU
		{75F71B61-84EF-456E-9D1B-EF930FAB9F81}.Debug|Any CPU.Build.0 = Debug|Any CPU
		{75F71B61-84EF-456E-9D1B-EF930FAB9F81}.Release|Any CPU.ActiveCfg = Release|Any CPU
		{75F71B61-84EF-456E-9D1B-EF930FAB9F81}.Release|Any CPU.Build.0 = Release|Any CPU
		{D77220B4-91DA-4933-9C9F-E0CF092F4FDE}.Debug|Any CPU.ActiveCfg = Debug|Any CPU
		{D77220B4-91DA-4933-9C9F-E0CF092F4FDE}.Debug|Any CPU.Build.0 = Debug|Any CPU
		{D77220B4-91DA-4933-9C9F-E0CF092F4FDE}.Release|Any CPU.ActiveCfg = Release|Any CPU
		{D77220B4-91DA-4933-9C9F-E0CF092F4FDE}.Release|Any CPU.Build.0 = Release|Any CPU
		{4BDD7232-E646-4EB3-9460-F7A9821FD666}.Debug|Any CPU.ActiveCfg = Debug|Any CPU
		{4BDD7232-E646-4EB3-9460-F7A9821FD666}.Debug|Any CPU.Build.0 = Debug|Any CPU
		{4BDD7232-E646-4EB3-9460-F7A9821FD666}.Release|Any CPU.ActiveCfg = Release|Any CPU
		{4BDD7232-E646-4EB3-9460-F7A9821FD666}.Release|Any CPU.Build.0 = Release|Any CPU
	EndGlobalSection
	GlobalSection(SolutionProperties) = preSolution
		HideSolutionNode = FALSE
	EndGlobalSection
	GlobalSection(NestedProjects) = preSolution
		{852AB3A7-34B1-423A-A5EF-5013A09BF46A} = {02EA681E-C7D8-13C7-8484-4AC65E1B71E8}
		{75F71B61-84EF-456E-9D1B-EF930FAB9F81} = {455B8AAD-94A9-4B4B-9474-4CA884ED6E76}
		{D77220B4-91DA-4933-9C9F-E0CF092F4FDE} = {84E55E8F-66BF-4D75-87DA-3A932D0CCC9E}
		{4BDD7232-E646-4EB3-9460-F7A9821FD666} = {43F3AC0C-BABE-42C9-B3E5-88B722E09B78}
	EndGlobalSection
	GlobalSection(ExtensibilityGlobals) = postSolution
		SolutionGuid = {FB84440E-EBE1-4686-89B9-63258D477C0E}
	EndGlobalSection
EndGlobal
